
Microsoft Visual Studio Solution File, Format Version 12.00
# Visual Studio Version 17
VisualStudioVersion = 17.9.34714.143
MinimumVisualStudioVersion = 10.0.40219.1
Project("{9A19103F-16F7-4668-BE54-9A1E7A4F7556}") = "Student.API", "Student.API\Student.API.csproj", "{F006DC47-8186-47DD-BF6D-B5BD38B216E9}"
EndProject
Project("{9A19103F-16F7-4668-BE54-9A1E7A4F7556}") = "Student.Entity", "Student.Entity\Student.Entity.csproj", "{4235288F-6576-4ADC-BF8F-A034E178452C}"
EndProject
Project("{9A19103F-16F7-4668-BE54-9A1E7A4F7556}") = "Student.Repository", "Student.Repository\Student.Repository.csproj", "{72C9F839-63F2-4AD5-886E-8EFDD7264CEE}"
EndProject
Project("{FAE04EC0-301F-11D3-BF4B-00C04F79EFBC}") = "Student.Business", "Student.Business\Student.Business.csproj", "{13DADCD0-57C4-4D5F-A9E4-C8FD8A45ADA6}"
EndProject
Project("{FAE04EC0-301F-11D3-BF4B-00C04F79EFBC}") = "Student.ViewModel", "Student.ViewModel\Student.ViewModel.csproj", "{FCA3F609-4B70-4B00-96B4-0FFD154BB339}"
EndProject
Global
	GlobalSection(SolutionConfigurationPlatforms) = preSolution
		Debug|Any CPU = Debug|Any CPU
		Release|Any CPU = Release|Any CPU
	EndGlobalSection
	GlobalSection(ProjectConfigurationPlatforms) = postSolution
		{F006DC47-8186-47DD-BF6D-B5BD38B216E9}.Debug|Any CPU.ActiveCfg = Debug|Any CPU
		{F006DC47-8186-47DD-BF6D-B5BD38B216E9}.Debug|Any CPU.Build.0 = Debug|Any CPU
		{F006DC47-8186-47DD-BF6D-B5BD38B216E9}.Release|Any CPU.ActiveCfg = Release|Any CPU
		{F006DC47-8186-47DD-BF6D-B5BD38B216E9}.Release|Any CPU.Build.0 = Release|Any CPU
		{4235288F-6576-4ADC-BF8F-A034E178452C}.Debug|Any CPU.ActiveCfg = Debug|Any CPU
		{4235288F-6576-4ADC-BF8F-A034E178452C}.Debug|Any CPU.Build.0 = Debug|Any CPU
		{4235288F-6576-4ADC-BF8F-A034E178452C}.Release|Any CPU.ActiveCfg = Release|Any CPU
		{4235288F-6576-4ADC-BF8F-A034E178452C}.Release|Any CPU.Build.0 = Release|Any CPU
		{72C9F839-63F2-4AD5-886E-8EFDD7264CEE}.Debug|Any CPU.ActiveCfg = Debug|Any CPU
		{72C9F839-63F2-4AD5-886E-8EFDD7264CEE}.Debug|Any CPU.Build.0 = Debug|Any CPU
		{72C9F839-63F2-4AD5-886E-8EFDD7264CEE}.Release|Any CPU.ActiveCfg = Release|Any CPU
		{72C9F839-63F2-4AD5-886E-8EFDD7264CEE}.Release|Any CPU.Build.0 = Release|Any CPU
		{13DADCD0-57C4-4D5F-A9E4-C8FD8A45ADA6}.Debug|Any CPU.ActiveCfg = Debug|Any CPU
		{13DADCD0-57C4-4D5F-A9E4-C8FD8A45ADA6}.Debug|Any CPU.Build.0 = Debug|Any CPU
		{13DADCD0-57C4-4D5F-A9E4-C8FD8A45ADA6}.Release|Any CPU.ActiveCfg = Release|Any CPU
		{13DADCD0-57C4-4D5F-A9E4-C8FD8A45ADA6}.Release|Any CPU.Build.0 = Release|Any CPU
		{FCA3F609-4B70-4B00-96B4-0FFD154BB339}.Debug|Any CPU.ActiveCfg = Debug|Any CPU
		{FCA3F609-4B70-4B00-96B4-0FFD154BB339}.Debug|Any CPU.Build.0 = Debug|Any CPU
		{FCA3F609-4B70-4B00-96B4-0FFD154BB339}.Release|Any CPU.ActiveCfg = Release|Any CPU
		{FCA3F609-4B70-4B00-96B4-0FFD154BB339}.Release|Any CPU.Build.0 = Release|Any CPU
	EndGlobalSection
	GlobalSection(SolutionProperties) = preSolution
		HideSolutionNode = FALSE
	EndGlobalSection
	GlobalSection(ExtensibilityGlobals) = postSolution
		SolutionGuid = {1D5A8C16-5005-4FEF-A7D8-EABA895E8435}
	EndGlobalSection
EndGlobal
